
Microsoft Visual Studio Solution File, Format Version 12.00
# Visual Studio 14
VisualStudioVersion = 14.0.23107.0
MinimumVisualStudioVersion = 10.0.40219.1
Project("{FAE04EC0-301F-11D3-BF4B-00C04F79EFBC}") = "estrutura_projeto", "estrutura_projeto\estrutura_projeto.csproj", "{AA189D6E-92A0-4BC5-ABB5-EB7A23C635EF}"
EndProject
Global
	GlobalSection(SolutionConfigurationPlatforms) = preSolution
		Debug|Any CPU = Debug|Any CPU
		Release|Any CPU = Release|Any CPU
	EndGlobalSection
	GlobalSection(ProjectConfigurationPlatforms) = postSolution
		{AA189D6E-92A0-4BC5-ABB5-EB7A23C635EF}.Debug|Any CPU.ActiveCfg = Debug|Any CPU
		{AA189D6E-92A0-4BC5-ABB5-EB7A23C635EF}.Debug|Any CPU.Build.0 = Debug|Any CPU
		{AA189D6E-92A0-4BC5-ABB5-EB7A23C635EF}.Release|Any CPU.ActiveCfg = Release|Any CPU
		{AA189D6E-92A0-4BC5-ABB5-EB7A23C635EF}.Release|Any CPU.Build.0 = Release|Any CPU
	EndGlobalSection
	GlobalSection(SolutionProperties) = preSolution
		HideSolutionNode = FALSE
	EndGlobalSection
EndGlobal
